
Microsoft Visual Studio Solution File, Format Version 12.00
Project("{FAE04EC0-301F-11D3-BF4B-00C04F79EFBC}") = "TailwindMVCTest", "TailwindMVCTest\TailwindMVCTest.csproj", "{D3F06F71-A4BA-4E28-B4D6-6C3B17C45ACE}"
EndProject
Global
	GlobalSection(SolutionConfigurationPlatforms) = preSolution
		Debug|Any CPU = Debug|Any CPU
		Release|Any CPU = Release|Any CPU
	EndGlobalSection
	GlobalSection(ProjectConfigurationPlatforms) = postSolution
		{D3F06F71-A4BA-4E28-B4D6-6C3B17C45ACE}.Debug|Any CPU.ActiveCfg = Debug|Any CPU
		{D3F06F71-A4BA-4E28-B4D6-6C3B17C45ACE}.Debug|Any CPU.Build.0 = Debug|Any CPU
		{D3F06F71-A4BA-4E28-B4D6-6C3B17C45ACE}.Release|Any CPU.ActiveCfg = Release|Any CPU
		{D3F06F71-A4BA-4E28-B4D6-6C3B17C45ACE}.Release|Any CPU.Build.0 = Release|Any CPU
	EndGlobalSection
EndGlobal
